
Microsoft Visual Studio Solution File, Format Version 12.00
# Visual Studio Version 16
VisualStudioVersion = 16.0.29509.3
MinimumVisualStudioVersion = 10.0.40219.1
Project("{2150E333-8FDC-42A3-9474-1A3956D46DE8}") = "1 - Bolton", "1 - Bolton", "{4FAD6DD2-F6A2-445E-817C-BA821455453D}"
EndProject
Project("{2150E333-8FDC-42A3-9474-1A3956D46DE8}") = "1 - API", "1 - API", "{D22E78FF-6CC3-4FB8-ADEE-8B808DD0E6B7}"
EndProject
Project("{2150E333-8FDC-42A3-9474-1A3956D46DE8}") = "2 - Application", "2 - Application", "{D792FB96-577B-4F36-B989-C84B207FB18A}"
EndProject
Project("{2150E333-8FDC-42A3-9474-1A3956D46DE8}") = "3 - Domain", "3 - Domain", "{C3C9D883-925F-470F-A9BA-17A32B1779B0}"
EndProject
Project("{2150E333-8FDC-42A3-9474-1A3956D46DE8}") = "4 - Infrastructure", "4 - Infrastructure", "{93EA6DE9-20CE-47FB-903E-21960E3DED79}"
EndProject
Project("{2150E333-8FDC-42A3-9474-1A3956D46DE8}") = "Arquivei", "Arquivei", "{ED998C7E-BCEA-4699-B97B-6FEFAD69767F}"
EndProject
Project("{2150E333-8FDC-42A3-9474-1A3956D46DE8}") = "SqlServer", "SqlServer", "{904C241B-739E-4FA8-8FBF-DABC2C904742}"
EndProject
Project("{9A19103F-16F7-4668-BE54-9A1E7A4F7556}") = "DesafioBolton.Bolton.API", "src\Bolton\DesafioBolton.Bolton.API\DesafioBolton.Bolton.API.csproj", "{EB9D29F5-C3BF-410E-9BF6-0C65A3145DF4}"
EndProject
Project("{9A19103F-16F7-4668-BE54-9A1E7A4F7556}") = "DesafioBolton.Bolton.Domain", "src\Bolton\DesafioBolton.Bolton.Domain\DesafioBolton.Bolton.Domain.csproj", "{5C22690D-9F7E-46AB-BD92-E6C03926C92E}"
EndProject
Project("{9A19103F-16F7-4668-BE54-9A1E7A4F7556}") = "DesafioBolton.Arquivei.API", "src\Arquivei\DesafioBolton.Arquivei.API\DesafioBolton.Arquivei.API.csproj", "{4BFF45F3-7F50-4F1B-9E8E-274B3A7C4121}"
EndProject
Project("{9A19103F-16F7-4668-BE54-9A1E7A4F7556}") = "DesafioBolton.Bolton.Application", "src\Bolton\DesafioBolton.Bolton.Application\DesafioBolton.Bolton.Application.csproj", "{978B0614-5F67-4F29-997F-95431734616B}"
EndProject
Project("{9A19103F-16F7-4668-BE54-9A1E7A4F7556}") = "DesafioBolton.Bolton.Infrastructure.Arquivei", "src\Bolton\DesafioBolton.Bolton.Infrastructure.Arquivei\DesafioBolton.Bolton.Infrastructure.Arquivei.csproj", "{895F70AF-B144-4F51-9A96-D102AA906651}"
EndProject
Project("{FAE04EC0-301F-11D3-BF4B-00C04F79EFBC}") = "DesafioBolton.Bolton.Infrastructure.Arquivei.SqlServer", "src\Bolton\DesafioBolton.Bolton.Infrastructure.Arquivei.SqlServer\DesafioBolton.Bolton.Infrastructure.Arquivei.SqlServer.csproj", "{8F866A66-5909-4803-ABE7-B87EB7308E1A}"
EndProject
Project("{FAE04EC0-301F-11D3-BF4B-00C04F79EFBC}") = "DesafioBolton.Bolton.Infrastructure.Arquivei.Tests", "test\DesafioBolton.Bolton.Infrastructure.Arquivei.Tests\DesafioBolton.Bolton.Infrastructure.Arquivei.Tests.csproj", "{AEB40A7E-4DCA-41D1-B8B3-A9CA23F6E5FA}"
EndProject
Project("{2150E333-8FDC-42A3-9474-1A3956D46DE8}") = "5 - Cross", "5 - Cross", "{BD95D2EE-7D6D-4496-BE6C-ABB3156F49B5}"
EndProject
Project("{2150E333-8FDC-42A3-9474-1A3956D46DE8}") = "IoC", "IoC", "{88EB6EB7-493A-45E5-9F34-F44431E05FBF}"
EndProject
Project("{FAE04EC0-301F-11D3-BF4B-00C04F79EFBC}") = "DesafioBolton.Bolton.Cross.IoC", "src\Bolton\DesafioBolton.Bolton.Cross.IoC\DesafioBolton.Bolton.Cross.IoC.csproj", "{28F6ED92-7C94-4E5D-8C25-512E2EC95BC8}"
EndProject
Global
	GlobalSection(SolutionConfigurationPlatforms) = preSolution
		Debug|Any CPU = Debug|Any CPU
		Release|Any CPU = Release|Any CPU
	EndGlobalSection
	GlobalSection(ProjectConfigurationPlatforms) = postSolution
		{EB9D29F5-C3BF-410E-9BF6-0C65A3145DF4}.Debug|Any CPU.ActiveCfg = Debug|Any CPU
		{EB9D29F5-C3BF-410E-9BF6-0C65A3145DF4}.Debug|Any CPU.Build.0 = Debug|Any CPU
		{EB9D29F5-C3BF-410E-9BF6-0C65A3145DF4}.Release|Any CPU.ActiveCfg = Release|Any CPU
		{EB9D29F5-C3BF-410E-9BF6-0C65A3145DF4}.Release|Any CPU.Build.0 = Release|Any CPU
		{5C22690D-9F7E-46AB-BD92-E6C03926C92E}.Debug|Any CPU.ActiveCfg = Debug|Any CPU
		{5C22690D-9F7E-46AB-BD92-E6C03926C92E}.Debug|Any CPU.Build.0 = Debug|Any CPU
		{5C22690D-9F7E-46AB-BD92-E6C03926C92E}.Release|Any CPU.ActiveCfg = Release|Any CPU
		{5C22690D-9F7E-46AB-BD92-E6C03926C92E}.Release|Any CPU.Build.0 = Release|Any CPU
		{4BFF45F3-7F50-4F1B-9E8E-274B3A7C4121}.Debug|Any CPU.ActiveCfg = Debug|Any CPU
		{4BFF45F3-7F50-4F1B-9E8E-274B3A7C4121}.Debug|Any CPU.Build.0 = Debug|Any CPU
		{4BFF45F3-7F50-4F1B-9E8E-274B3A7C4121}.Release|Any CPU.ActiveCfg = Release|Any CPU
		{4BFF45F3-7F50-4F1B-9E8E-274B3A7C4121}.Release|Any CPU.Build.0 = Release|Any CPU
		{978B0614-5F67-4F29-997F-95431734616B}.Debug|Any CPU.ActiveCfg = Debug|Any CPU
		{978B0614-5F67-4F29-997F-95431734616B}.Debug|Any CPU.Build.0 = Debug|Any CPU
		{978B0614-5F67-4F29-997F-95431734616B}.Release|Any CPU.ActiveCfg = Release|Any CPU
		{978B0614-5F67-4F29-997F-95431734616B}.Release|Any CPU.Build.0 = Release|Any CPU
		{895F70AF-B144-4F51-9A96-D102AA906651}.Debug|Any CPU.ActiveCfg = Debug|Any CPU
		{895F70AF-B144-4F51-9A96-D102AA906651}.Debug|Any CPU.Build.0 = Debug|Any CPU
		{895F70AF-B144-4F51-9A96-D102AA906651}.Release|Any CPU.ActiveCfg = Release|Any CPU
		{895F70AF-B144-4F51-9A96-D102AA906651}.Release|Any CPU.Build.0 = Release|Any CPU
		{8F866A66-5909-4803-ABE7-B87EB7308E1A}.Debug|Any CPU.ActiveCfg = Debug|Any CPU
		{8F866A66-5909-4803-ABE7-B87EB7308E1A}.Debug|Any CPU.Build.0 = Debug|Any CPU
		{8F866A66-5909-4803-ABE7-B87EB7308E1A}.Release|Any CPU.ActiveCfg = Release|Any CPU
		{8F866A66-5909-4803-ABE7-B87EB7308E1A}.Release|Any CPU.Build.0 = Release|Any CPU
		{AEB40A7E-4DCA-41D1-B8B3-A9CA23F6E5FA}.Debug|Any CPU.ActiveCfg = Debug|Any CPU
		{AEB40A7E-4DCA-41D1-B8B3-A9CA23F6E5FA}.Debug|Any CPU.Build.0 = Debug|Any CPU
		{AEB40A7E-4DCA-41D1-B8B3-A9CA23F6E5FA}.Release|Any CPU.ActiveCfg = Release|Any CPU
		{AEB40A7E-4DCA-41D1-B8B3-A9CA23F6E5FA}.Release|Any CPU.Build.0 = Release|Any CPU
		{28F6ED92-7C94-4E5D-8C25-512E2EC95BC8}.Debug|Any CPU.ActiveCfg = Debug|Any CPU
		{28F6ED92-7C94-4E5D-8C25-512E2EC95BC8}.Debug|Any CPU.Build.0 = Debug|Any CPU
		{28F6ED92-7C94-4E5D-8C25-512E2EC95BC8}.Release|Any CPU.ActiveCfg = Release|Any CPU
		{28F6ED92-7C94-4E5D-8C25-512E2EC95BC8}.Release|Any CPU.Build.0 = Release|Any CPU
	EndGlobalSection
	GlobalSection(SolutionProperties) = preSolution
		HideSolutionNode = FALSE
	EndGlobalSection
	GlobalSection(NestedProjects) = preSolution
		{D22E78FF-6CC3-4FB8-ADEE-8B808DD0E6B7} = {4FAD6DD2-F6A2-445E-817C-BA821455453D}
		{D792FB96-577B-4F36-B989-C84B207FB18A} = {4FAD6DD2-F6A2-445E-817C-BA821455453D}
		{C3C9D883-925F-470F-A9BA-17A32B1779B0} = {4FAD6DD2-F6A2-445E-817C-BA821455453D}
		{93EA6DE9-20CE-47FB-903E-21960E3DED79} = {4FAD6DD2-F6A2-445E-817C-BA821455453D}
		{ED998C7E-BCEA-4699-B97B-6FEFAD69767F} = {93EA6DE9-20CE-47FB-903E-21960E3DED79}
		{904C241B-739E-4FA8-8FBF-DABC2C904742} = {93EA6DE9-20CE-47FB-903E-21960E3DED79}
		{EB9D29F5-C3BF-410E-9BF6-0C65A3145DF4} = {D22E78FF-6CC3-4FB8-ADEE-8B808DD0E6B7}
		{5C22690D-9F7E-46AB-BD92-E6C03926C92E} = {C3C9D883-925F-470F-A9BA-17A32B1779B0}
		{4BFF45F3-7F50-4F1B-9E8E-274B3A7C4121} = {D22E78FF-6CC3-4FB8-ADEE-8B808DD0E6B7}
		{978B0614-5F67-4F29-997F-95431734616B} = {D792FB96-577B-4F36-B989-C84B207FB18A}
		{895F70AF-B144-4F51-9A96-D102AA906651} = {ED998C7E-BCEA-4699-B97B-6FEFAD69767F}
		{8F866A66-5909-4803-ABE7-B87EB7308E1A} = {904C241B-739E-4FA8-8FBF-DABC2C904742}
		{AEB40A7E-4DCA-41D1-B8B3-A9CA23F6E5FA} = {ED998C7E-BCEA-4699-B97B-6FEFAD69767F}
		{BD95D2EE-7D6D-4496-BE6C-ABB3156F49B5} = {4FAD6DD2-F6A2-445E-817C-BA821455453D}
		{88EB6EB7-493A-45E5-9F34-F44431E05FBF} = {BD95D2EE-7D6D-4496-BE6C-ABB3156F49B5}
		{28F6ED92-7C94-4E5D-8C25-512E2EC95BC8} = {88EB6EB7-493A-45E5-9F34-F44431E05FBF}
	EndGlobalSection
	GlobalSection(ExtensibilityGlobals) = postSolution
		SolutionGuid = {FE6AD490-5677-4C6C-A81F-1F057B33F7FD}
	EndGlobalSection
EndGlobal
